
Microsoft Visual Studio Solution File, Format Version 12.00
# Visual Studio Version 16
VisualStudioVersion = 16.0.32602.291
MinimumVisualStudioVersion = 10.0.40219.1
Project("{9A19103F-16F7-4668-BE54-9A1E7A4F7556}") = "ExecutavelGitAnalyzer", "ExecutavelGitAnalyzer.csproj", "{0547182B-6275-4E01-B730-C95CBD03195C}"
EndProject
Global
	GlobalSection(SolutionConfigurationPlatforms) = preSolution
		Debug|Any CPU = Debug|Any CPU
		Release|Any CPU = Release|Any CPU
	EndGlobalSection
	GlobalSection(ProjectConfigurationPlatforms) = postSolution
		{0547182B-6275-4E01-B730-C95CBD03195C}.Debug|Any CPU.ActiveCfg = Debug|Any CPU
		{0547182B-6275-4E01-B730-C95CBD03195C}.Debug|Any CPU.Build.0 = Debug|Any CPU
		{0547182B-6275-4E01-B730-C95CBD03195C}.Release|Any CPU.ActiveCfg = Release|Any CPU
		{0547182B-6275-4E01-B730-C95CBD03195C}.Release|Any CPU.Build.0 = Release|Any CPU
	EndGlobalSection
	GlobalSection(SolutionProperties) = preSolution
		HideSolutionNode = FALSE
	EndGlobalSection
	GlobalSection(ExtensibilityGlobals) = postSolution
		SolutionGuid = {E4037EAC-C114-4560-8134-684746BA7D59}
	EndGlobalSection
EndGlobal
